
Microsoft Visual Studio Solution File, Format Version 12.00
# Visual Studio Version 16
VisualStudioVersion = 16.0.30717.126
MinimumVisualStudioVersion = 10.0.40219.1
Project("{9A19103F-16F7-4668-BE54-9A1E7A4F7556}") = "AdventOfCode2020", "AdventOfCode\AdventOfCode2020.csproj", "{04706E21-70C2-4BEE-A989-5E7C1C796D6E}"
EndProject
Global
	GlobalSection(SolutionConfigurationPlatforms) = preSolution
		Debug|Any CPU = Debug|Any CPU
		Release|Any CPU = Release|Any CPU
	EndGlobalSection
	GlobalSection(ProjectConfigurationPlatforms) = postSolution
		{04706E21-70C2-4BEE-A989-5E7C1C796D6E}.Debug|Any CPU.ActiveCfg = Debug|Any CPU
		{04706E21-70C2-4BEE-A989-5E7C1C796D6E}.Debug|Any CPU.Build.0 = Debug|Any CPU
		{04706E21-70C2-4BEE-A989-5E7C1C796D6E}.Release|Any CPU.ActiveCfg = Release|Any CPU
		{04706E21-70C2-4BEE-A989-5E7C1C796D6E}.Release|Any CPU.Build.0 = Release|Any CPU
	EndGlobalSection
	GlobalSection(SolutionProperties) = preSolution
		HideSolutionNode = FALSE
	EndGlobalSection
	GlobalSection(ExtensibilityGlobals) = postSolution
		SolutionGuid = {0768D838-2D13-4E1A-A662-3D00D24E24CA}
	EndGlobalSection
EndGlobal
